
Microsoft Visual Studio Solution File, Format Version 12.00
# Visual Studio Version 16
VisualStudioVersion = 16.0.29424.173
MinimumVisualStudioVersion = 10.0.40219.1
Project("{FAE04EC0-301F-11D3-BF4B-00C04F79EFBC}") = "z7_winforms2", "z7_winforms2.csproj", "{E4270EC6-85D3-4335-A6EE-891B20A97A0A}"
EndProject
Global
	GlobalSection(SolutionConfigurationPlatforms) = preSolution
		Debug|Any CPU = Debug|Any CPU
		Release|Any CPU = Release|Any CPU
	EndGlobalSection
	GlobalSection(ProjectConfigurationPlatforms) = postSolution
		{E4270EC6-85D3-4335-A6EE-891B20A97A0A}.Debug|Any CPU.ActiveCfg = Debug|Any CPU
		{E4270EC6-85D3-4335-A6EE-891B20A97A0A}.Debug|Any CPU.Build.0 = Debug|Any CPU
		{E4270EC6-85D3-4335-A6EE-891B20A97A0A}.Release|Any CPU.ActiveCfg = Release|Any CPU
		{E4270EC6-85D3-4335-A6EE-891B20A97A0A}.Release|Any CPU.Build.0 = Release|Any CPU
	EndGlobalSection
	GlobalSection(SolutionProperties) = preSolution
		HideSolutionNode = FALSE
	EndGlobalSection
	GlobalSection(ExtensibilityGlobals) = postSolution
		SolutionGuid = {CA631D67-8AD8-4671-8B67-35B3545E9712}
	EndGlobalSection
EndGlobal
